# This file is generated by running "yarn install" inside your project.
# Manual changes might be lost - proceed with caution!

__metadata:
  version: 8
  cacheKey: 10c0

"allure-commandline@npm:^2.41.0":
  version: 2.41.0
  resolution: "allure-commandline@npm:2.41.0"
  bin:
    allure: bin/allure
  checksum: 10c0/20025a71d7eb119c2eeee873920674373b173a5d5674d4caffc421c6fe45d3bbcc376a07a685897c1740c21c6617239b979e0c105b1fa938c3c16474f6f092ea
  languageName: node
  linkType: hard

"test_automation@workspace:.":
  version: 0.0.0-use.local
  resolution: "test_automation@workspace:."
  dependencies:
    allure-commandline: "npm:^2.41.0"
  languageName: unknown
  linkType: soft
